
Microsoft Visual Studio Solution File, Format Version 12.00
# Visual Studio Version 16
VisualStudioVersion = 16.0.31005.135
MinimumVisualStudioVersion = 10.0.40219.1
Project("{FAE04EC0-301F-11D3-BF4B-00C04F79EFBC}") = "eshopPractice", "eshopPractice\eshopPractice.csproj", "{2DF95091-2C83-48F7-9952-26B65AB65B86}"
EndProject
Global
	GlobalSection(SolutionConfigurationPlatforms) = preSolution
		Debug|Any CPU = Debug|Any CPU
		Release|Any CPU = Release|Any CPU
	EndGlobalSection
	GlobalSection(ProjectConfigurationPlatforms) = postSolution
		{2DF95091-2C83-48F7-9952-26B65AB65B86}.Debug|Any CPU.ActiveCfg = Debug|Any CPU
		{2DF95091-2C83-48F7-9952-26B65AB65B86}.Debug|Any CPU.Build.0 = Debug|Any CPU
		{2DF95091-2C83-48F7-9952-26B65AB65B86}.Release|Any CPU.ActiveCfg = Release|Any CPU
		{2DF95091-2C83-48F7-9952-26B65AB65B86}.Release|Any CPU.Build.0 = Release|Any CPU
	EndGlobalSection
	GlobalSection(SolutionProperties) = preSolution
		HideSolutionNode = FALSE
	EndGlobalSection
	GlobalSection(ExtensibilityGlobals) = postSolution
		SolutionGuid = {21490A3D-AC80-4C1D-8701-FC37A035202F}
	EndGlobalSection
EndGlobal
